
Microsoft Visual Studio Solution File, Format Version 12.00
# Visual Studio 15
VisualStudioVersion = 15.0.26730.10
MinimumVisualStudioVersion = 10.0.40219.1
Project("{FAE04EC0-301F-11D3-BF4B-00C04F79EFBC}") = "Rush", "Rush\Rush.csproj", "{BB2851B1-ACB5-470C-9A7F-DA065734FB50}"
EndProject
Global
	GlobalSection(SolutionConfigurationPlatforms) = preSolution
		Debug|Any CPU = Debug|Any CPU
		Release|Any CPU = Release|Any CPU
	EndGlobalSection
	GlobalSection(ProjectConfigurationPlatforms) = postSolution
		{BB2851B1-ACB5-470C-9A7F-DA065734FB50}.Debug|Any CPU.ActiveCfg = Debug|Any CPU
		{BB2851B1-ACB5-470C-9A7F-DA065734FB50}.Debug|Any CPU.Build.0 = Debug|Any CPU
		{BB2851B1-ACB5-470C-9A7F-DA065734FB50}.Release|Any CPU.ActiveCfg = Release|Any CPU
		{BB2851B1-ACB5-470C-9A7F-DA065734FB50}.Release|Any CPU.Build.0 = Release|Any CPU
	EndGlobalSection
	GlobalSection(SolutionProperties) = preSolution
		HideSolutionNode = FALSE
	EndGlobalSection
	GlobalSection(ExtensibilityGlobals) = postSolution
		SolutionGuid = {A94EB4DF-37E3-4448-ABE9-CBC82F092CB8}
	EndGlobalSection
EndGlobal
